// !$*UTF8*$!
{
	archiveVersion = 1;
	classes = {
	};
	objectVersion = 56;
	objects = {

/* Begin PBXBuildFile section */
		623ED9832BE40EE300531A7E /* AppDelegate.swift in Sources */ = {isa = PBXBuildFile; fileRef = 623ED9822BE40EE300531A7E /* AppDelegate.swift */; };
		623ED9852BE40EE300531A7E /* SceneDelegate.swift in Sources */ = {isa = PBXBuildFile; fileRef = 623ED9842BE40EE300531A7E /* SceneDelegate.swift */; };
		623ED98A2BE40EE300531A7E /* Main.storyboard in Resources */ = {isa = PBXBuildFile; fileRef = 623ED9882BE40EE300531A7E /* Main.storyboard */; };
		623ED98C2BE40EE400531A7E /* Assets.xcassets in Resources */ = {isa = PBXBuildFile; fileRef = 623ED98B2BE40EE400531A7E /* Assets.xcassets */; };
		623ED98F2BE40EE400531A7E /* LaunchScreen.storyboard in Resources */ = {isa = PBXBuildFile; fileRef = 623ED98D2BE40EE400531A7E /* LaunchScreen.storyboard */; };
		623ED9A32BE41BFE00531A7E /* AgoraRtmKit in Frameworks */ = {isa = PBXBuildFile; productRef = 623ED9A22BE41BFE00531A7E /* AgoraRtmKit */; };
		623ED9AA2BE42CF800531A7E /* LoginVC.swift in Sources */ = {isa = PBXBuildFile; fileRef = 623ED9A92BE42CF800531A7E /* LoginVC.swift */; };
		623ED9AE2BE43A8300531A7E /* UIView+Extensions.swift in Sources */ = {isa = PBXBuildFile; fileRef = 623ED9AD2BE43A8300531A7E /* UIView+Extensions.swift */; };
		623ED9B12BE43AEB00531A7E /* RoundedCornersView.swift in Sources */ = {isa = PBXBuildFile; fileRef = 623ED9B02BE43AEB00531A7E /* RoundedCornersView.swift */; };
		628DE7CC2BE43FA700A4BEBE /* AIAEC in Frameworks */ = {isa = PBXBuildFile; productRef = 628DE7CB2BE43FA700A4BEBE /* AIAEC */; };
		628DE7CE2BE43FA700A4BEBE /* AINS in Frameworks */ = {isa = PBXBuildFile; productRef = 628DE7CD2BE43FA700A4BEBE /* AINS */; };
		628DE7D02BE43FA700A4BEBE /* AudioBeauty in Frameworks */ = {isa = PBXBuildFile; productRef = 628DE7CF2BE43FA700A4BEBE /* AudioBeauty */; };
		628DE7D22BE43FA700A4BEBE /* ClearVision in Frameworks */ = {isa = PBXBuildFile; productRef = 628DE7D12BE43FA700A4BEBE /* ClearVision */; };
		628DE7D42BE43FA700A4BEBE /* ContentInspect in Frameworks */ = {isa = PBXBuildFile; productRef = 628DE7D32BE43FA700A4BEBE /* ContentInspect */; };
		628DE7D62BE43FA700A4BEBE /* FaceCapture in Frameworks */ = {isa = PBXBuildFile; productRef = 628DE7D52BE43FA700A4BEBE /* FaceCapture */; };
		628DE7D82BE43FA700A4BEBE /* FaceDetection in Frameworks */ = {isa = PBXBuildFile; productRef = 628DE7D72BE43FA700A4BEBE /* FaceDetection */; };
		628DE7DA2BE43FA700A4BEBE /* LipSync in Frameworks */ = {isa = PBXBuildFile; productRef = 628DE7D92BE43FA700A4BEBE /* LipSync */; };
		628DE7DC2BE43FA700A4BEBE /* ReplayKit in Frameworks */ = {isa = PBXBuildFile; productRef = 628DE7DB2BE43FA700A4BEBE /* ReplayKit */; };
		628DE7DE2BE43FA700A4BEBE /* RtcBasic in Frameworks */ = {isa = PBXBuildFile; productRef = 628DE7DD2BE43FA700A4BEBE /* RtcBasic */; };
		628DE7E02BE43FA700A4BEBE /* SpatialAudio in Frameworks */ = {isa = PBXBuildFile; productRef = 628DE7DF2BE43FA700A4BEBE /* SpatialAudio */; };
		628DE7E22BE43FA700A4BEBE /* VQA in Frameworks */ = {isa = PBXBuildFile; productRef = 628DE7E12BE43FA700A4BEBE /* VQA */; };
		628DE7E42BE43FA700A4BEBE /* VideoAv1CodecDec in Frameworks */ = {isa = PBXBuildFile; productRef = 628DE7E32BE43FA700A4BEBE /* VideoAv1CodecDec */; };
		628DE7E62BE43FA700A4BEBE /* VideoAv1CodecEnc in Frameworks */ = {isa = PBXBuildFile; productRef = 628DE7E52BE43FA700A4BEBE /* VideoAv1CodecEnc */; };
		628DE7E82BE43FA700A4BEBE /* VideoCodecDec in Frameworks */ = {isa = PBXBuildFile; productRef = 628DE7E72BE43FA700A4BEBE /* VideoCodecDec */; };
		628DE7EA2BE43FA700A4BEBE /* VideoCodecEnc in Frameworks */ = {isa = PBXBuildFile; productRef = 628DE7E92BE43FA700A4BEBE /* VideoCodecEnc */; };
		628DE7EC2BE43FA700A4BEBE /* VirtualBackground in Frameworks */ = {isa = PBXBuildFile; productRef = 628DE7EB2BE43FA700A4BEBE /* VirtualBackground */; };
		62BDD7652BE4668A000CEE16 /* LoginViewModel.swift in Sources */ = {isa = PBXBuildFile; fileRef = 62BDD7642BE4668A000CEE16 /* LoginViewModel.swift */; };
		62BDD76D2BE5B3AF000CEE16 /* AppLocalStorage.swift in Sources */ = {isa = PBXBuildFile; fileRef = 62BDD76C2BE5B3AF000CEE16 /* AppLocalStorage.swift */; };
		62BDD76F2BE5B45E000CEE16 /* StorageConstants.swift in Sources */ = {isa = PBXBuildFile; fileRef = 62BDD76E2BE5B45E000CEE16 /* StorageConstants.swift */; };
/* End PBXBuildFile section */

/* Begin PBXFileReference section */
		623ED97F2BE40EE300531A7E /* VideoCallApp.app */ = {isa = PBXFileReference; explicitFileType = wrapper.application; includeInIndex = 0; path = VideoCallApp.app; sourceTree = BUILT_PRODUCTS_DIR; };
		623ED9822BE40EE300531A7E /* AppDelegate.swift */ = {isa = PBXFileReference; lastKnownFileType = sourcecode.swift; path = AppDelegate.swift; sourceTree = "<group>"; };
		623ED9842BE40EE300531A7E /* SceneDelegate.swift */ = {isa = PBXFileReference; lastKnownFileType = sourcecode.swift; path = SceneDelegate.swift; sourceTree = "<group>"; };
		623ED9892BE40EE300531A7E /* Base */ = {isa = PBXFileReference; lastKnownFileType = file.storyboard; name = Base; path = Base.lproj/Main.storyboard; sourceTree = "<group>"; };
		623ED98B2BE40EE400531A7E /* Assets.xcassets */ = {isa = PBXFileReference; lastKnownFileType = folder.assetcatalog; path = Assets.xcassets; sourceTree = "<group>"; };
		623ED98E2BE40EE400531A7E /* Base */ = {isa = PBXFileReference; lastKnownFileType = file.storyboard; name = Base; path = Base.lproj/LaunchScreen.storyboard; sourceTree = "<group>"; };
		623ED9902BE40EE400531A7E /* Info.plist */ = {isa = PBXFileReference; lastKnownFileType = text.plist.xml; path = Info.plist; sourceTree = "<group>"; };
		623ED9A92BE42CF800531A7E /* LoginVC.swift */ = {isa = PBXFileReference; lastKnownFileType = sourcecode.swift; path = LoginVC.swift; sourceTree = "<group>"; };
		623ED9AD2BE43A8300531A7E /* UIView+Extensions.swift */ = {isa = PBXFileReference; lastKnownFileType = sourcecode.swift; path = "UIView+Extensions.swift"; sourceTree = "<group>"; };
		623ED9B02BE43AEB00531A7E /* RoundedCornersView.swift */ = {isa = PBXFileReference; lastKnownFileType = sourcecode.swift; path = RoundedCornersView.swift; sourceTree = "<group>"; };
		62BDD7642BE4668A000CEE16 /* LoginViewModel.swift */ = {isa = PBXFileReference; lastKnownFileType = sourcecode.swift; path = LoginViewModel.swift; sourceTree = "<group>"; };
		62BDD76C2BE5B3AF000CEE16 /* AppLocalStorage.swift */ = {isa = PBXFileReference; lastKnownFileType = sourcecode.swift; path = AppLocalStorage.swift; sourceTree = "<group>"; };
		62BDD76E2BE5B45E000CEE16 /* StorageConstants.swift */ = {isa = PBXFileReference; lastKnownFileType = sourcecode.swift; path = StorageConstants.swift; sourceTree = "<group>"; };
/* End PBXFileReference section */

/* Begin PBXFrameworksBuildPhase section */
		623ED97C2BE40EE300531A7E /* Frameworks */ = {
			isa = PBXFrameworksBuildPhase;
			buildActionMask = 2147483647;
			files = (
				628DE7E02BE43FA700A4BEBE /* SpatialAudio in Frameworks */,
				628DE7CC2BE43FA700A4BEBE /* AIAEC in Frameworks */,
				623ED9A32BE41BFE00531A7E /* AgoraRtmKit in Frameworks */,
				628DE7CE2BE43FA700A4BEBE /* AINS in Frameworks */,
				628DE7D82BE43FA700A4BEBE /* FaceDetection in Frameworks */,
				628DE7D22BE43FA700A4BEBE /* ClearVision in Frameworks */,
				628DE7EA2BE43FA700A4BEBE /* VideoCodecEnc in Frameworks */,
				628DE7DE2BE43FA700A4BEBE /* RtcBasic in Frameworks */,
				628DE7EC2BE43FA700A4BEBE /* VirtualBackground in Frameworks */,
				628DE7E62BE43FA700A4BEBE /* VideoAv1CodecEnc in Frameworks */,
				628DE7E42BE43FA700A4BEBE /* VideoAv1CodecDec in Frameworks */,
				628DE7E22BE43FA700A4BEBE /* VQA in Frameworks */,
				628DE7D02BE43FA700A4BEBE /* AudioBeauty in Frameworks */,
				628DE7DC2BE43FA700A4BEBE /* ReplayKit in Frameworks */,
				628DE7DA2BE43FA700A4BEBE /* LipSync in Frameworks */,
				628DE7D62BE43FA700A4BEBE /* FaceCapture in Frameworks */,
				628DE7E82BE43FA700A4BEBE /* VideoCodecDec in Frameworks */,
				628DE7D42BE43FA700A4BEBE /* ContentInspect in Frameworks */,
			);
			runOnlyForDeploymentPostprocessing = 0;
		};
/* End PBXFrameworksBuildPhase section */

/* Begin PBXGroup section */
		623ED9762BE40EE300531A7E = {
			isa = PBXGroup;
			children = (
				623ED9812BE40EE300531A7E /* VideoCallApp */,
				623ED9802BE40EE300531A7E /* Products */,
			);
			sourceTree = "<group>";
		};
		623ED9802BE40EE300531A7E /* Products */ = {
			isa = PBXGroup;
			children = (
				623ED97F2BE40EE300531A7E /* VideoCallApp.app */,
			);
			name = Products;
			sourceTree = "<group>";
		};
		623ED9812BE40EE300531A7E /* VideoCallApp */ = {
			isa = PBXGroup;
			children = (
				623ED9A62BE42BE600531A7E /* Features */,
				623ED9AB2BE43A4B00531A7E /* Utilities */,
				623ED9AF2BE43AC900531A7E /* Views */,
				623ED9A52BE42BD500531A7E /* Resources */,
				623ED9902BE40EE400531A7E /* Info.plist */,
			);
			path = VideoCallApp;
			sourceTree = "<group>";
		};
		623ED9A52BE42BD500531A7E /* Resources */ = {
			isa = PBXGroup;
			children = (
				623ED9822BE40EE300531A7E /* AppDelegate.swift */,
				623ED9842BE40EE300531A7E /* SceneDelegate.swift */,
				623ED9882BE40EE300531A7E /* Main.storyboard */,
				623ED98B2BE40EE400531A7E /* Assets.xcassets */,
				623ED98D2BE40EE400531A7E /* LaunchScreen.storyboard */,
			);
			path = Resources;
			sourceTree = "<group>";
		};
		623ED9A62BE42BE600531A7E /* Features */ = {
			isa = PBXGroup;
			children = (
				623ED9A72BE42C1000531A7E /* Login */,
			);
			path = Features;
			sourceTree = "<group>";
		};
		623ED9A72BE42C1000531A7E /* Login */ = {
			isa = PBXGroup;
			children = (
				623ED9A82BE42C1A00531A7E /* View */,
				62BDD7632BE46651000CEE16 /* ViewModel */,
			);
			path = Login;
			sourceTree = "<group>";
		};
		623ED9A82BE42C1A00531A7E /* View */ = {
			isa = PBXGroup;
			children = (
				623ED9A92BE42CF800531A7E /* LoginVC.swift */,
			);
			path = View;
			sourceTree = "<group>";
		};
		623ED9AB2BE43A4B00531A7E /* Utilities */ = {
			isa = PBXGroup;
			children = (
				62BDD76B2BE5B37C000CEE16 /* Helpers */,
				623ED9AC2BE43A5900531A7E /* Extensions */,
			);
			path = Utilities;
			sourceTree = "<group>";
		};
		623ED9AC2BE43A5900531A7E /* Extensions */ = {
			isa = PBXGroup;
			children = (
				623ED9AD2BE43A8300531A7E /* UIView+Extensions.swift */,
			);
			path = Extensions;
			sourceTree = "<group>";
		};
		623ED9AF2BE43AC900531A7E /* Views */ = {
			isa = PBXGroup;
			children = (
				623ED9B02BE43AEB00531A7E /* RoundedCornersView.swift */,
			);
			path = Views;
			sourceTree = "<group>";
		};
		62BDD7632BE46651000CEE16 /* ViewModel */ = {
			isa = PBXGroup;
			children = (
				62BDD7642BE4668A000CEE16 /* LoginViewModel.swift */,
			);
			path = ViewModel;
			sourceTree = "<group>";
		};
		62BDD76B2BE5B37C000CEE16 /* Helpers */ = {
			isa = PBXGroup;
			children = (
				62BDD76C2BE5B3AF000CEE16 /* AppLocalStorage.swift */,
				62BDD76E2BE5B45E000CEE16 /* StorageConstants.swift */,
			);
			path = Helpers;
			sourceTree = "<group>";
		};
/* End PBXGroup section */

/* Begin PBXNativeTarget section */
		623ED97E2BE40EE300531A7E /* VideoCallApp */ = {
			isa = PBXNativeTarget;
			buildConfigurationList = 623ED9932BE40EE400531A7E /* Build configuration list for PBXNativeTarget "VideoCallApp" */;
			buildPhases = (
				623ED97B2BE40EE300531A7E /* Sources */,
				623ED97C2BE40EE300531A7E /* Frameworks */,
				623ED97D2BE40EE300531A7E /* Resources */,
			);
			buildRules = (
			);
			dependencies = (
			);
			name = VideoCallApp;
			packageProductDependencies = (
				623ED9A22BE41BFE00531A7E /* AgoraRtmKit */,
				628DE7CB2BE43FA700A4BEBE /* AIAEC */,
				628DE7CD2BE43FA700A4BEBE /* AINS */,
				628DE7CF2BE43FA700A4BEBE /* AudioBeauty */,
				628DE7D12BE43FA700A4BEBE /* ClearVision */,
				628DE7D32BE43FA700A4BEBE /* ContentInspect */,
				628DE7D52BE43FA700A4BEBE /* FaceCapture */,
				628DE7D72BE43FA700A4BEBE /* FaceDetection */,
				628DE7D92BE43FA700A4BEBE /* LipSync */,
				628DE7DB2BE43FA700A4BEBE /* ReplayKit */,
				628DE7DD2BE43FA700A4BEBE /* RtcBasic */,
				628DE7DF2BE43FA700A4BEBE /* SpatialAudio */,
				628DE7E12BE43FA700A4BEBE /* VQA */,
				628DE7E32BE43FA700A4BEBE /* VideoAv1CodecDec */,
				628DE7E52BE43FA700A4BEBE /* VideoAv1CodecEnc */,
				628DE7E72BE43FA700A4BEBE /* VideoCodecDec */,
				628DE7E92BE43FA700A4BEBE /* VideoCodecEnc */,
				628DE7EB2BE43FA700A4BEBE /* VirtualBackground */,
			);
			productName = VideoCallApp;
			productReference = 623ED97F2BE40EE300531A7E /* VideoCallApp.app */;
			productType = "com.apple.product-type.application";
		};
/* End PBXNativeTarget section */

/* Begin PBXProject section */
		623ED9772BE40EE300531A7E /* Project object */ = {
			isa = PBXProject;
			attributes = {
				BuildIndependentTargetsInParallel = 1;
				LastSwiftUpdateCheck = 1520;
				LastUpgradeCheck = 1520;
				TargetAttributes = {
					623ED97E2BE40EE300531A7E = {
						CreatedOnToolsVersion = 15.2;
					};
				};
			};
			buildConfigurationList = 623ED97A2BE40EE300531A7E /* Build configuration list for PBXProject "VideoCallApp" */;
			compatibilityVersion = "Xcode 14.0";
			developmentRegion = en;
			hasScannedForEncodings = 0;
			knownRegions = (
				en,
				Base,
			);
			mainGroup = 623ED9762BE40EE300531A7E;
			packageReferences = (
				623ED9A12BE41BFE00531A7E /* XCRemoteSwiftPackageReference "AgoraRtm_iOS" */,
				628DE7CA2BE43FA700A4BEBE /* XCRemoteSwiftPackageReference "AgoraRtcEngine_iOS" */,
			);
			productRefGroup = 623ED9802BE40EE300531A7E /* Products */;
			projectDirPath = "";
			projectRoot = "";
			targets = (
				623ED97E2BE40EE300531A7E /* VideoCallApp */,
			);
		};
/* End PBXProject section */

/* Begin PBXResourcesBuildPhase section */
		623ED97D2BE40EE300531A7E /* Resources */ = {
			isa = PBXResourcesBuildPhase;
			buildActionMask = 2147483647;
			files = (
				623ED98F2BE40EE400531A7E /* LaunchScreen.storyboard in Resources */,
				623ED98C2BE40EE400531A7E /* Assets.xcassets in Resources */,
				623ED98A2BE40EE300531A7E /* Main.storyboard in Resources */,
			);
			runOnlyForDeploymentPostprocessing = 0;
		};
/* End PBXResourcesBuildPhase section */

/* Begin PBXSourcesBuildPhase section */
		623ED97B2BE40EE300531A7E /* Sources */ = {
			isa = PBXSourcesBuildPhase;
			buildActionMask = 2147483647;
			files = (
				623ED9832BE40EE300531A7E /* AppDelegate.swift in Sources */,
				623ED9AA2BE42CF800531A7E /* LoginVC.swift in Sources */,
				62BDD76D2BE5B3AF000CEE16 /* AppLocalStorage.swift in Sources */,
				62BDD76F2BE5B45E000CEE16 /* StorageConstants.swift in Sources */,
				623ED9AE2BE43A8300531A7E /* UIView+Extensions.swift in Sources */,
				623ED9B12BE43AEB00531A7E /* RoundedCornersView.swift in Sources */,
				623ED9852BE40EE300531A7E /* SceneDelegate.swift in Sources */,
				62BDD7652BE4668A000CEE16 /* LoginViewModel.swift in Sources */,
			);
			runOnlyForDeploymentPostprocessing = 0;
		};
/* End PBXSourcesBuildPhase section */

/* Begin PBXVariantGroup section */
		623ED9882BE40EE300531A7E /* Main.storyboard */ = {
			isa = PBXVariantGroup;
			children = (
				623ED9892BE40EE300531A7E /* Base */,
			);
			name = Main.storyboard;
			sourceTree = "<group>";
		};
		623ED98D2BE40EE400531A7E /* LaunchScreen.storyboard */ = {
			isa = PBXVariantGroup;
			children = (
				623ED98E2BE40EE400531A7E /* Base */,
			);
			name = LaunchScreen.storyboard;
			sourceTree = "<group>";
		};
/* End PBXVariantGroup section */

/* Begin XCBuildConfiguration section */
		623ED9912BE40EE400531A7E /* Debug */ = {
			isa = XCBuildConfiguration;
			buildSettings = {
				ALWAYS_SEARCH_USER_PATHS = NO;
				ASSETCATALOG_COMPILER_GENERATE_SWIFT_ASSET_SYMBOL_EXTENSIONS = YES;
				CLANG_ANALYZER_NONNULL = YES;
				CLANG_ANALYZER_NUMBER_OBJECT_CONVERSION = YES_AGGRESSIVE;
				CLANG_CXX_LANGUAGE_STANDARD = "gnu++20";
				CLANG_ENABLE_MODULES = YES;
				CLANG_ENABLE_OBJC_ARC = YES;
				CLANG_ENABLE_OBJC_WEAK = YES;
				CLANG_WARN_BLOCK_CAPTURE_AUTORELEASING = YES;
				CLANG_WARN_BOOL_CONVERSION = YES;
				CLANG_WARN_COMMA = YES;
				CLANG_WARN_CONSTANT_CONVERSION = YES;
				CLANG_WARN_DEPRECATED_OBJC_IMPLEMENTATIONS = YES;
				CLANG_WARN_DIRECT_OBJC_ISA_USAGE = YES_ERROR;
				CLANG_WARN_DOCUMENTATION_COMMENTS = YES;
				CLANG_WARN_EMPTY_BODY = YES;
				CLANG_WARN_ENUM_CONVERSION = YES;
				CLANG_WARN_INFINITE_RECURSION = YES;
				CLANG_WARN_INT_CONVERSION = YES;
				CLANG_WARN_NON_LITERAL_NULL_CONVERSION = YES;
				CLANG_WARN_OBJC_IMPLICIT_RETAIN_SELF = YES;
				CLANG_WARN_OBJC_LITERAL_CONVERSION = YES;
				CLANG_WARN_OBJC_ROOT_CLASS = YES_ERROR;
				CLANG_WARN_QUOTED_INCLUDE_IN_FRAMEWORK_HEADER = YES;
				CLANG_WARN_RANGE_LOOP_ANALYSIS = YES;
				CLANG_WARN_STRICT_PROTOTYPES = YES;
				CLANG_WARN_SUSPICIOUS_MOVE = YES;
				CLANG_WARN_UNGUARDED_AVAILABILITY = YES_AGGRESSIVE;
				CLANG_WARN_UNREACHABLE_CODE = YES;
				CLANG_WARN__DUPLICATE_METHOD_MATCH = YES;
				COPY_PHASE_STRIP = NO;
				DEBUG_INFORMATION_FORMAT = dwarf;
				ENABLE_STRICT_OBJC_MSGSEND = YES;
				ENABLE_TESTABILITY = YES;
				ENABLE_USER_SCRIPT_SANDBOXING = YES;
				GCC_C_LANGUAGE_STANDARD = gnu17;
				GCC_DYNAMIC_NO_PIC = NO;
				GCC_NO_COMMON_BLOCKS = YES;
				GCC_OPTIMIZATION_LEVEL = 0;
				GCC_PREPROCESSOR_DEFINITIONS = (
					"DEBUG=1",
					"$(inherited)",
				);
				GCC_WARN_64_TO_32_BIT_CONVERSION = YES;
				GCC_WARN_ABOUT_RETURN_TYPE = YES_ERROR;
				GCC_WARN_UNDECLARED_SELECTOR = YES;
				GCC_WARN_UNINITIALIZED_AUTOS = YES_AGGRESSIVE;
				GCC_WARN_UNUSED_FUNCTION = YES;
				GCC_WARN_UNUSED_VARIABLE = YES;
				IPHONEOS_DEPLOYMENT_TARGET = 17.2;
				LOCALIZATION_PREFERS_STRING_CATALOGS = YES;
				MTL_ENABLE_DEBUG_INFO = INCLUDE_SOURCE;
				MTL_FAST_MATH = YES;
				ONLY_ACTIVE_ARCH = YES;
				SDKROOT = iphoneos;
				SWIFT_ACTIVE_COMPILATION_CONDITIONS = "DEBUG $(inherited)";
				SWIFT_OPTIMIZATION_LEVEL = "-Onone";
			};
			name = Debug;
		};
		623ED9922BE40EE400531A7E /* Release */ = {
			isa = XCBuildConfiguration;
			buildSettings = {
				ALWAYS_SEARCH_USER_PATHS = NO;
				ASSETCATALOG_COMPILER_GENERATE_SWIFT_ASSET_SYMBOL_EXTENSIONS = YES;
				CLANG_ANALYZER_NONNULL = YES;
				CLANG_ANALYZER_NUMBER_OBJECT_CONVERSION = YES_AGGRESSIVE;
				CLANG_CXX_LANGUAGE_STANDARD = "gnu++20";
				CLANG_ENABLE_MODULES = YES;
				CLANG_ENABLE_OBJC_ARC = YES;
				CLANG_ENABLE_OBJC_WEAK = YES;
				CLANG_WARN_BLOCK_CAPTURE_AUTORELEASING = YES;
				CLANG_WARN_BOOL_CONVERSION = YES;
				CLANG_WARN_COMMA = YES;
				CLANG_WARN_CONSTANT_CONVERSION = YES;
				CLANG_WARN_DEPRECATED_OBJC_IMPLEMENTATIONS = YES;
				CLANG_WARN_DIRECT_OBJC_ISA_USAGE = YES_ERROR;
				CLANG_WARN_DOCUMENTATION_COMMENTS = YES;
				CLANG_WARN_EMPTY_BODY = YES;
				CLANG_WARN_ENUM_CONVERSION = YES;
				CLANG_WARN_INFINITE_RECURSION = YES;
				CLANG_WARN_INT_CONVERSION = YES;
				CLANG_WARN_NON_LITERAL_NULL_CONVERSION = YES;
				CLANG_WARN_OBJC_IMPLICIT_RETAIN_SELF = YES;
				CLANG_WARN_OBJC_LITERAL_CONVERSION = YES;
				CLANG_WARN_OBJC_ROOT_CLASS = YES_ERROR;
				CLANG_WARN_QUOTED_INCLUDE_IN_FRAMEWORK_HEADER = YES;
				CLANG_WARN_RANGE_LOOP_ANALYSIS = YES;
				CLANG_WARN_STRICT_PROTOTYPES = YES;
				CLANG_WARN_SUSPICIOUS_MOVE = YES;
				CLANG_WARN_UNGUARDED_AVAILABILITY = YES_AGGRESSIVE;
				CLANG_WARN_UNREACHABLE_CODE = YES;
				CLANG_WARN__DUPLICATE_METHOD_MATCH = YES;
				COPY_PHASE_STRIP = NO;
				DEBUG_INFORMATION_FORMAT = "dwarf-with-dsym";
				ENABLE_NS_ASSERTIONS = NO;
				ENABLE_STRICT_OBJC_MSGSEND = YES;
				ENABLE_USER_SCRIPT_SANDBOXING = YES;
				GCC_C_LANGUAGE_STANDARD = gnu17;
				GCC_NO_COMMON_BLOCKS = YES;
				GCC_WARN_64_TO_32_BIT_CONVERSION = YES;
				GCC_WARN_ABOUT_RETURN_TYPE = YES_ERROR;
				GCC_WARN_UNDECLARED_SELECTOR = YES;
				GCC_WARN_UNINITIALIZED_AUTOS = YES_AGGRESSIVE;
				GCC_WARN_UNUSED_FUNCTION = YES;
				GCC_WARN_UNUSED_VARIABLE = YES;
				IPHONEOS_DEPLOYMENT_TARGET = 17.2;
				LOCALIZATION_PREFERS_STRING_CATALOGS = YES;
				MTL_ENABLE_DEBUG_INFO = NO;
				MTL_FAST_MATH = YES;
				SDKROOT = iphoneos;
				SWIFT_COMPILATION_MODE = wholemodule;
				VALIDATE_PRODUCT = YES;
			};
			name = Release;
		};
		623ED9942BE40EE400531A7E /* Debug */ = {
			isa = XCBuildConfiguration;
			buildSettings = {
				ASSETCATALOG_COMPILER_APPICON_NAME = AppIcon;
				ASSETCATALOG_COMPILER_GLOBAL_ACCENT_COLOR_NAME = AccentColor;
				CODE_SIGN_STYLE = Automatic;
				CURRENT_PROJECT_VERSION = 1;
				DEVELOPMENT_TEAM = 8945457R7S;
				GENERATE_INFOPLIST_FILE = YES;
				INFOPLIST_FILE = VideoCallApp/Info.plist;
				INFOPLIST_KEY_NSCameraUsageDescription = "So the audience and other broadcasters can see you";
				INFOPLIST_KEY_NSMicrophoneUsageDescription = "So the audience and other broadcasters can hear you";
				INFOPLIST_KEY_UIApplicationSupportsIndirectInputEvents = YES;
				INFOPLIST_KEY_UILaunchStoryboardName = LaunchScreen;
				INFOPLIST_KEY_UIMainStoryboardFile = Main;
				INFOPLIST_KEY_UISupportedInterfaceOrientations_iPad = "UIInterfaceOrientationPortrait UIInterfaceOrientationPortraitUpsideDown UIInterfaceOrientationLandscapeLeft UIInterfaceOrientationLandscapeRight";
				INFOPLIST_KEY_UISupportedInterfaceOrientations_iPhone = "UIInterfaceOrientationPortrait UIInterfaceOrientationLandscapeLeft UIInterfaceOrientationLandscapeRight";
				LD_RUNPATH_SEARCH_PATHS = (
					"$(inherited)",
					"@executable_path/Frameworks",
				);
				MARKETING_VERSION = 1.0;
				PRODUCT_BUNDLE_IDENTIFIER = com.carpal.mobile.VideoCallApp;
				PRODUCT_NAME = "$(TARGET_NAME)";
				SWIFT_EMIT_LOC_STRINGS = YES;
				SWIFT_VERSION = 5.0;
				TARGETED_DEVICE_FAMILY = "1,2";
			};
			name = Debug;
		};
		623ED9952BE40EE400531A7E /* Release */ = {
			isa = XCBuildConfiguration;
			buildSettings = {
				ASSETCATALOG_COMPILER_APPICON_NAME = AppIcon;
				ASSETCATALOG_COMPILER_GLOBAL_ACCENT_COLOR_NAME = AccentColor;
				CODE_SIGN_STYLE = Automatic;
				CURRENT_PROJECT_VERSION = 1;
				DEVELOPMENT_TEAM = 8945457R7S;
				GENERATE_INFOPLIST_FILE = YES;
				INFOPLIST_FILE = VideoCallApp/Info.plist;
				INFOPLIST_KEY_NSCameraUsageDescription = "So the audience and other broadcasters can see you";
				INFOPLIST_KEY_NSMicrophoneUsageDescription = "So the audience and other broadcasters can hear you";
				INFOPLIST_KEY_UIApplicationSupportsIndirectInputEvents = YES;
				INFOPLIST_KEY_UILaunchStoryboardName = LaunchScreen;
				INFOPLIST_KEY_UIMainStoryboardFile = Main;
				INFOPLIST_KEY_UISupportedInterfaceOrientations_iPad = "UIInterfaceOrientationPortrait UIInterfaceOrientationPortraitUpsideDown UIInterfaceOrientationLandscapeLeft UIInterfaceOrientationLandscapeRight";
				INFOPLIST_KEY_UISupportedInterfaceOrientations_iPhone = "UIInterfaceOrientationPortrait UIInterfaceOrientationLandscapeLeft UIInterfaceOrientationLandscapeRight";
				LD_RUNPATH_SEARCH_PATHS = (
					"$(inherited)",
					"@executable_path/Frameworks",
				);
				MARKETING_VERSION = 1.0;
				PRODUCT_BUNDLE_IDENTIFIER = com.carpal.mobile.VideoCallApp;
				PRODUCT_NAME = "$(TARGET_NAME)";
				SWIFT_EMIT_LOC_STRINGS = YES;
				SWIFT_VERSION = 5.0;
				TARGETED_DEVICE_FAMILY = "1,2";
			};
			name = Release;
		};
/* End XCBuildConfiguration section */

/* Begin XCConfigurationList section */
		623ED97A2BE40EE300531A7E /* Build configuration list for PBXProject "VideoCallApp" */ = {
			isa = XCConfigurationList;
			buildConfigurations = (
				623ED9912BE40EE400531A7E /* Debug */,
				623ED9922BE40EE400531A7E /* Release */,
			);
			defaultConfigurationIsVisible = 0;
			defaultConfigurationName = Release;
		};
		623ED9932BE40EE400531A7E /* Build configuration list for PBXNativeTarget "VideoCallApp" */ = {
			isa = XCConfigurationList;
			buildConfigurations = (
				623ED9942BE40EE400531A7E /* Debug */,
				623ED9952BE40EE400531A7E /* Release */,
			);
			defaultConfigurationIsVisible = 0;
			defaultConfigurationName = Release;
		};
/* End XCConfigurationList section */

/* Begin XCRemoteSwiftPackageReference section */
		623ED9A12BE41BFE00531A7E /* XCRemoteSwiftPackageReference "AgoraRtm_iOS" */ = {
			isa = XCRemoteSwiftPackageReference;
			repositoryURL = "https://github.com/AgoraIO/AgoraRtm_iOS";
			requirement = {
				kind = upToNextMajorVersion;
				minimumVersion = 1.5.1;
			};
		};
		628DE7CA2BE43FA700A4BEBE /* XCRemoteSwiftPackageReference "AgoraRtcEngine_iOS" */ = {
			isa = XCRemoteSwiftPackageReference;
			repositoryURL = "https://github.com/AgoraIO/AgoraRtcEngine_iOS.git";
			requirement = {
				kind = upToNextMajorVersion;
				minimumVersion = 4.3.1;
			};
		};
/* End XCRemoteSwiftPackageReference section */

/* Begin XCSwiftPackageProductDependency section */
		623ED9A22BE41BFE00531A7E /* AgoraRtmKit */ = {
			isa = XCSwiftPackageProductDependency;
			package = 623ED9A12BE41BFE00531A7E /* XCRemoteSwiftPackageReference "AgoraRtm_iOS" */;
			productName = AgoraRtmKit;
		};
		628DE7CB2BE43FA700A4BEBE /* AIAEC */ = {
			isa = XCSwiftPackageProductDependency;
			package = 628DE7CA2BE43FA700A4BEBE /* XCRemoteSwiftPackageReference "AgoraRtcEngine_iOS" */;
			productName = AIAEC;
		};
		628DE7CD2BE43FA700A4BEBE /* AINS */ = {
			isa = XCSwiftPackageProductDependency;
			package = 628DE7CA2BE43FA700A4BEBE /* XCRemoteSwiftPackageReference "AgoraRtcEngine_iOS" */;
			productName = AINS;
		};
		628DE7CF2BE43FA700A4BEBE /* AudioBeauty */ = {
			isa = XCSwiftPackageProductDependency;
			package = 628DE7CA2BE43FA700A4BEBE /* XCRemoteSwiftPackageReference "AgoraRtcEngine_iOS" */;
			productName = AudioBeauty;
		};
		628DE7D12BE43FA700A4BEBE /* ClearVision */ = {
			isa = XCSwiftPackageProductDependency;
			package = 628DE7CA2BE43FA700A4BEBE /* XCRemoteSwiftPackageReference "AgoraRtcEngine_iOS" */;
			productName = ClearVision;
		};
		628DE7D32BE43FA700A4BEBE /* ContentInspect */ = {
			isa = XCSwiftPackageProductDependency;
			package = 628DE7CA2BE43FA700A4BEBE /* XCRemoteSwiftPackageReference "AgoraRtcEngine_iOS" */;
			productName = ContentInspect;
		};
		628DE7D52BE43FA700A4BEBE /* FaceCapture */ = {
			isa = XCSwiftPackageProductDependency;
			package = 628DE7CA2BE43FA700A4BEBE /* XCRemoteSwiftPackageReference "AgoraRtcEngine_iOS" */;
			productName = FaceCapture;
		};
		628DE7D72BE43FA700A4BEBE /* FaceDetection */ = {
			isa = XCSwiftPackageProductDependency;
			package = 628DE7CA2BE43FA700A4BEBE /* XCRemoteSwiftPackageReference "AgoraRtcEngine_iOS" */;
			productName = FaceDetection;
		};
		628DE7D92BE43FA700A4BEBE /* LipSync */ = {
			isa = XCSwiftPackageProductDependency;
			package = 628DE7CA2BE43FA700A4BEBE /* XCRemoteSwiftPackageReference "AgoraRtcEngine_iOS" */;
			productName = LipSync;
		};
		628DE7DB2BE43FA700A4BEBE /* ReplayKit */ = {
			isa = XCSwiftPackageProductDependency;
			package = 628DE7CA2BE43FA700A4BEBE /* XCRemoteSwiftPackageReference "AgoraRtcEngine_iOS" */;
			productName = ReplayKit;
		};
		628DE7DD2BE43FA700A4BEBE /* RtcBasic */ = {
			isa = XCSwiftPackageProductDependency;
			package = 628DE7CA2BE43FA700A4BEBE /* XCRemoteSwiftPackageReference "AgoraRtcEngine_iOS" */;
			productName = RtcBasic;
		};
		628DE7DF2BE43FA700A4BEBE /* SpatialAudio */ = {
			isa = XCSwiftPackageProductDependency;
			package = 628DE7CA2BE43FA700A4BEBE /* XCRemoteSwiftPackageReference "AgoraRtcEngine_iOS" */;
			productName = SpatialAudio;
		};
		628DE7E12BE43FA700A4BEBE /* VQA */ = {
			isa = XCSwiftPackageProductDependency;
			package = 628DE7CA2BE43FA700A4BEBE /* XCRemoteSwiftPackageReference "AgoraRtcEngine_iOS" */;
			productName = VQA;
		};
		628DE7E32BE43FA700A4BEBE /* VideoAv1CodecDec */ = {
			isa = XCSwiftPackageProductDependency;
			package = 628DE7CA2BE43FA700A4BEBE /* XCRemoteSwiftPackageReference "AgoraRtcEngine_iOS" */;
			productName = VideoAv1CodecDec;
		};
		628DE7E52BE43FA700A4BEBE /* VideoAv1CodecEnc */ = {
			isa = XCSwiftPackageProductDependency;
			package = 628DE7CA2BE43FA700A4BEBE /* XCRemoteSwiftPackageReference "AgoraRtcEngine_iOS" */;
			productName = VideoAv1CodecEnc;
		};
		628DE7E72BE43FA700A4BEBE /* VideoCodecDec */ = {
			isa = XCSwiftPackageProductDependency;
			package = 628DE7CA2BE43FA700A4BEBE /* XCRemoteSwiftPackageReference "AgoraRtcEngine_iOS" */;
			productName = VideoCodecDec;
		};
		628DE7E92BE43FA700A4BEBE /* VideoCodecEnc */ = {
			isa = XCSwiftPackageProductDependency;
			package = 628DE7CA2BE43FA700A4BEBE /* XCRemoteSwiftPackageReference "AgoraRtcEngine_iOS" */;
			productName = VideoCodecEnc;
		};
		628DE7EB2BE43FA700A4BEBE /* VirtualBackground */ = {
			isa = XCSwiftPackageProductDependency;
			package = 628DE7CA2BE43FA700A4BEBE /* XCRemoteSwiftPackageReference "AgoraRtcEngine_iOS" */;
			productName = VirtualBackground;
		};
/* End XCSwiftPackageProductDependency section */
	};
	rootObject = 623ED9772BE40EE300531A7E /* Project object */;
}
