// !$*UTF8*$!
{
	archiveVersion = 1;
	classes = {
	};
	objectVersion = 56;
	objects = {

/* Begin PBXBuildFile section */
		623ED9832BE40EE300531A7E /* AppDelegate.swift in Sources */ = {isa = PBXBuildFile; fileRef = 623ED9822BE40EE300531A7E /* AppDelegate.swift */; };
		623ED9852BE40EE300531A7E /* SceneDelegate.swift in Sources */ = {isa = PBXBuildFile; fileRef = 623ED9842BE40EE300531A7E /* SceneDelegate.swift */; };
		623ED98A2BE40EE300531A7E /* Main.storyboard in Resources */ = {isa = PBXBuildFile; fileRef = 623ED9882BE40EE300531A7E /* Main.storyboard */; };
		623ED98C2BE40EE400531A7E /* Assets.xcassets in Resources */ = {isa = PBXBuildFile; fileRef = 623ED98B2BE40EE400531A7E /* Assets.xcassets */; };
		623ED98F2BE40EE400531A7E /* LaunchScreen.storyboard in Resources */ = {isa = PBXBuildFile; fileRef = 623ED98D2BE40EE400531A7E /* LaunchScreen.storyboard */; };
		623ED9AA2BE42CF800531A7E /* LoginVC.swift in Sources */ = {isa = PBXBuildFile; fileRef = 623ED9A92BE42CF800531A7E /* LoginVC.swift */; };
		623ED9AE2BE43A8300531A7E /* UIView+Extensions.swift in Sources */ = {isa = PBXBuildFile; fileRef = 623ED9AD2BE43A8300531A7E /* UIView+Extensions.swift */; };
		623ED9B12BE43AEB00531A7E /* RoundedCornersView.swift in Sources */ = {isa = PBXBuildFile; fileRef = 623ED9B02BE43AEB00531A7E /* RoundedCornersView.swift */; };
		6245A6352BE641BB004F200E /* VideoCallVC.swift in Sources */ = {isa = PBXBuildFile; fileRef = 6245A6342BE641BB004F200E /* VideoCallVC.swift */; };
		6245A6392BE64F72004F200E /* AgoraAppGroupDataHelper in Frameworks */ = {isa = PBXBuildFile; productRef = 6245A6382BE64F72004F200E /* AgoraAppGroupDataHelper */; };
		6245A63B2BE64F72004F200E /* AgoraBroadcastExtensionHelper in Frameworks */ = {isa = PBXBuildFile; productRef = 6245A63A2BE64F72004F200E /* AgoraBroadcastExtensionHelper */; };
		6245A63D2BE64F72004F200E /* AgoraUIKit in Frameworks */ = {isa = PBXBuildFile; productRef = 6245A63C2BE64F72004F200E /* AgoraUIKit */; };
		6245A6402BE74B98004F200E /* APIRequest.swift in Sources */ = {isa = PBXBuildFile; fileRef = 6245A63F2BE74B98004F200E /* APIRequest.swift */; };
		6245A6442BE7C0B1004F200E /* APIError.swift in Sources */ = {isa = PBXBuildFile; fileRef = 6245A6432BE7C0B1004F200E /* APIError.swift */; };
		6245A6462BE7C0F4004F200E /* Config.swift in Sources */ = {isa = PBXBuildFile; fileRef = 6245A6452BE7C0F4004F200E /* Config.swift */; };
		6245A6482BE7C13B004F200E /* NetworkMonitor.swift in Sources */ = {isa = PBXBuildFile; fileRef = 6245A6472BE7C13B004F200E /* NetworkMonitor.swift */; };
		6245A64B2BE7C2ED004F200E /* TokenResponse.swift in Sources */ = {isa = PBXBuildFile; fileRef = 6245A64A2BE7C2ED004F200E /* TokenResponse.swift */; };
		6245A64D2BE7C379004F200E /* TokenRequest.swift in Sources */ = {isa = PBXBuildFile; fileRef = 6245A64C2BE7C379004F200E /* TokenRequest.swift */; };
		6245A64F2BE7C3FD004F200E /* TokenService.swift in Sources */ = {isa = PBXBuildFile; fileRef = 6245A64E2BE7C3FD004F200E /* TokenService.swift */; };
		62BDD7652BE4668A000CEE16 /* LoginViewModel.swift in Sources */ = {isa = PBXBuildFile; fileRef = 62BDD7642BE4668A000CEE16 /* LoginViewModel.swift */; };
		62BDD76D2BE5B3AF000CEE16 /* AppLocalStorage.swift in Sources */ = {isa = PBXBuildFile; fileRef = 62BDD76C2BE5B3AF000CEE16 /* AppLocalStorage.swift */; };
		62BDD7712BE5C0A9000CEE16 /* Constants.swift in Sources */ = {isa = PBXBuildFile; fileRef = 62BDD7702BE5C0A9000CEE16 /* Constants.swift */; };
/* End PBXBuildFile section */

/* Begin PBXFileReference section */
		623ED97F2BE40EE300531A7E /* VideoCallApp.app */ = {isa = PBXFileReference; explicitFileType = wrapper.application; includeInIndex = 0; path = VideoCallApp.app; sourceTree = BUILT_PRODUCTS_DIR; };
		623ED9822BE40EE300531A7E /* AppDelegate.swift */ = {isa = PBXFileReference; lastKnownFileType = sourcecode.swift; path = AppDelegate.swift; sourceTree = "<group>"; };
		623ED9842BE40EE300531A7E /* SceneDelegate.swift */ = {isa = PBXFileReference; lastKnownFileType = sourcecode.swift; path = SceneDelegate.swift; sourceTree = "<group>"; };
		623ED9892BE40EE300531A7E /* Base */ = {isa = PBXFileReference; lastKnownFileType = file.storyboard; name = Base; path = Base.lproj/Main.storyboard; sourceTree = "<group>"; };
		623ED98B2BE40EE400531A7E /* Assets.xcassets */ = {isa = PBXFileReference; lastKnownFileType = folder.assetcatalog; path = Assets.xcassets; sourceTree = "<group>"; };
		623ED98E2BE40EE400531A7E /* Base */ = {isa = PBXFileReference; lastKnownFileType = file.storyboard; name = Base; path = Base.lproj/LaunchScreen.storyboard; sourceTree = "<group>"; };
		623ED9902BE40EE400531A7E /* Info.plist */ = {isa = PBXFileReference; lastKnownFileType = text.plist.xml; path = Info.plist; sourceTree = "<group>"; };
		623ED9A92BE42CF800531A7E /* LoginVC.swift */ = {isa = PBXFileReference; lastKnownFileType = sourcecode.swift; path = LoginVC.swift; sourceTree = "<group>"; };
		623ED9AD2BE43A8300531A7E /* UIView+Extensions.swift */ = {isa = PBXFileReference; lastKnownFileType = sourcecode.swift; path = "UIView+Extensions.swift"; sourceTree = "<group>"; };
		623ED9B02BE43AEB00531A7E /* RoundedCornersView.swift */ = {isa = PBXFileReference; lastKnownFileType = sourcecode.swift; path = RoundedCornersView.swift; sourceTree = "<group>"; };
		6245A6342BE641BB004F200E /* VideoCallVC.swift */ = {isa = PBXFileReference; lastKnownFileType = sourcecode.swift; path = VideoCallVC.swift; sourceTree = "<group>"; };
		6245A63F2BE74B98004F200E /* APIRequest.swift */ = {isa = PBXFileReference; lastKnownFileType = sourcecode.swift; path = APIRequest.swift; sourceTree = "<group>"; };
		6245A6432BE7C0B1004F200E /* APIError.swift */ = {isa = PBXFileReference; lastKnownFileType = sourcecode.swift; path = APIError.swift; sourceTree = "<group>"; };
		6245A6452BE7C0F4004F200E /* Config.swift */ = {isa = PBXFileReference; lastKnownFileType = sourcecode.swift; path = Config.swift; sourceTree = "<group>"; };
		6245A6472BE7C13B004F200E /* NetworkMonitor.swift */ = {isa = PBXFileReference; lastKnownFileType = sourcecode.swift; path = NetworkMonitor.swift; sourceTree = "<group>"; };
		6245A64A2BE7C2ED004F200E /* TokenResponse.swift */ = {isa = PBXFileReference; lastKnownFileType = sourcecode.swift; path = TokenResponse.swift; sourceTree = "<group>"; };
		6245A64C2BE7C379004F200E /* TokenRequest.swift */ = {isa = PBXFileReference; lastKnownFileType = sourcecode.swift; path = TokenRequest.swift; sourceTree = "<group>"; };
		6245A64E2BE7C3FD004F200E /* TokenService.swift */ = {isa = PBXFileReference; lastKnownFileType = sourcecode.swift; path = TokenService.swift; sourceTree = "<group>"; };
		62BDD7642BE4668A000CEE16 /* LoginViewModel.swift */ = {isa = PBXFileReference; lastKnownFileType = sourcecode.swift; path = LoginViewModel.swift; sourceTree = "<group>"; };
		62BDD76C2BE5B3AF000CEE16 /* AppLocalStorage.swift */ = {isa = PBXFileReference; lastKnownFileType = sourcecode.swift; path = AppLocalStorage.swift; sourceTree = "<group>"; };
		62BDD7702BE5C0A9000CEE16 /* Constants.swift */ = {isa = PBXFileReference; lastKnownFileType = sourcecode.swift; path = Constants.swift; sourceTree = "<group>"; };
/* End PBXFileReference section */

/* Begin PBXFrameworksBuildPhase section */
		623ED97C2BE40EE300531A7E /* Frameworks */ = {
			isa = PBXFrameworksBuildPhase;
			buildActionMask = 2147483647;
			files = (
				6245A6392BE64F72004F200E /* AgoraAppGroupDataHelper in Frameworks */,
				6245A63B2BE64F72004F200E /* AgoraBroadcastExtensionHelper in Frameworks */,
				6245A63D2BE64F72004F200E /* AgoraUIKit in Frameworks */,
			);
			runOnlyForDeploymentPostprocessing = 0;
		};
/* End PBXFrameworksBuildPhase section */

/* Begin PBXGroup section */
		623ED9762BE40EE300531A7E = {
			isa = PBXGroup;
			children = (
				623ED9812BE40EE300531A7E /* VideoCallApp */,
				623ED9802BE40EE300531A7E /* Products */,
			);
			sourceTree = "<group>";
		};
		623ED9802BE40EE300531A7E /* Products */ = {
			isa = PBXGroup;
			children = (
				623ED97F2BE40EE300531A7E /* VideoCallApp.app */,
			);
			name = Products;
			sourceTree = "<group>";
		};
		623ED9812BE40EE300531A7E /* VideoCallApp */ = {
			isa = PBXGroup;
			children = (
				623ED9A62BE42BE600531A7E /* Features */,
				6245A6492BE7C2B6004F200E /* Models */,
				6245A63E2BE742C8004F200E /* Services */,
				623ED9AB2BE43A4B00531A7E /* Utilities */,
				623ED9AF2BE43AC900531A7E /* Views */,
				623ED9A52BE42BD500531A7E /* Resources */,
				623ED9902BE40EE400531A7E /* Info.plist */,
			);
			path = VideoCallApp;
			sourceTree = "<group>";
		};
		623ED9A52BE42BD500531A7E /* Resources */ = {
			isa = PBXGroup;
			children = (
				623ED9822BE40EE300531A7E /* AppDelegate.swift */,
				623ED9842BE40EE300531A7E /* SceneDelegate.swift */,
				623ED9882BE40EE300531A7E /* Main.storyboard */,
				623ED98B2BE40EE400531A7E /* Assets.xcassets */,
				623ED98D2BE40EE400531A7E /* LaunchScreen.storyboard */,
			);
			path = Resources;
			sourceTree = "<group>";
		};
		623ED9A62BE42BE600531A7E /* Features */ = {
			isa = PBXGroup;
			children = (
				6245A6322BE64195004F200E /* VideoCall */,
				623ED9A72BE42C1000531A7E /* Login */,
			);
			path = Features;
			sourceTree = "<group>";
		};
		623ED9A72BE42C1000531A7E /* Login */ = {
			isa = PBXGroup;
			children = (
				623ED9A82BE42C1A00531A7E /* View */,
				62BDD7632BE46651000CEE16 /* ViewModel */,
			);
			path = Login;
			sourceTree = "<group>";
		};
		623ED9A82BE42C1A00531A7E /* View */ = {
			isa = PBXGroup;
			children = (
				623ED9A92BE42CF800531A7E /* LoginVC.swift */,
			);
			path = View;
			sourceTree = "<group>";
		};
		623ED9AB2BE43A4B00531A7E /* Utilities */ = {
			isa = PBXGroup;
			children = (
				62BDD76B2BE5B37C000CEE16 /* Helpers */,
				623ED9AC2BE43A5900531A7E /* Extensions */,
			);
			path = Utilities;
			sourceTree = "<group>";
		};
		623ED9AC2BE43A5900531A7E /* Extensions */ = {
			isa = PBXGroup;
			children = (
				623ED9AD2BE43A8300531A7E /* UIView+Extensions.swift */,
			);
			path = Extensions;
			sourceTree = "<group>";
		};
		623ED9AF2BE43AC900531A7E /* Views */ = {
			isa = PBXGroup;
			children = (
				623ED9B02BE43AEB00531A7E /* RoundedCornersView.swift */,
			);
			path = Views;
			sourceTree = "<group>";
		};
		6245A6322BE64195004F200E /* VideoCall */ = {
			isa = PBXGroup;
			children = (
				6245A6332BE6419E004F200E /* View */,
				6245A6502BE7C4CF004F200E /* ViewModel */,
			);
			path = VideoCall;
			sourceTree = "<group>";
		};
		6245A6332BE6419E004F200E /* View */ = {
			isa = PBXGroup;
			children = (
				6245A6342BE641BB004F200E /* VideoCallVC.swift */,
			);
			path = View;
			sourceTree = "<group>";
		};
		6245A63E2BE742C8004F200E /* Services */ = {
			isa = PBXGroup;
			children = (
				6245A63F2BE74B98004F200E /* APIRequest.swift */,
				6245A64E2BE7C3FD004F200E /* TokenService.swift */,
			);
			path = Services;
			sourceTree = "<group>";
		};
		6245A6492BE7C2B6004F200E /* Models */ = {
			isa = PBXGroup;
			children = (
				6245A64A2BE7C2ED004F200E /* TokenResponse.swift */,
				6245A64C2BE7C379004F200E /* TokenRequest.swift */,
			);
			path = Models;
			sourceTree = "<group>";
		};
		6245A6502BE7C4CF004F200E /* ViewModel */ = {
			isa = PBXGroup;
			children = (
			);
			path = ViewModel;
			sourceTree = "<group>";
		};
		62BDD7632BE46651000CEE16 /* ViewModel */ = {
			isa = PBXGroup;
			children = (
				62BDD7642BE4668A000CEE16 /* LoginViewModel.swift */,
			);
			path = ViewModel;
			sourceTree = "<group>";
		};
		62BDD76B2BE5B37C000CEE16 /* Helpers */ = {
			isa = PBXGroup;
			children = (
				62BDD76C2BE5B3AF000CEE16 /* AppLocalStorage.swift */,
				62BDD7702BE5C0A9000CEE16 /* Constants.swift */,
				6245A6432BE7C0B1004F200E /* APIError.swift */,
				6245A6452BE7C0F4004F200E /* Config.swift */,
				6245A6472BE7C13B004F200E /* NetworkMonitor.swift */,
			);
			path = Helpers;
			sourceTree = "<group>";
		};
/* End PBXGroup section */

/* Begin PBXNativeTarget section */
		623ED97E2BE40EE300531A7E /* VideoCallApp */ = {
			isa = PBXNativeTarget;
			buildConfigurationList = 623ED9932BE40EE400531A7E /* Build configuration list for PBXNativeTarget "VideoCallApp" */;
			buildPhases = (
				623ED97B2BE40EE300531A7E /* Sources */,
				623ED97C2BE40EE300531A7E /* Frameworks */,
				623ED97D2BE40EE300531A7E /* Resources */,
			);
			buildRules = (
			);
			dependencies = (
			);
			name = VideoCallApp;
			packageProductDependencies = (
				6245A6382BE64F72004F200E /* AgoraAppGroupDataHelper */,
				6245A63A2BE64F72004F200E /* AgoraBroadcastExtensionHelper */,
				6245A63C2BE64F72004F200E /* AgoraUIKit */,
			);
			productName = VideoCallApp;
			productReference = 623ED97F2BE40EE300531A7E /* VideoCallApp.app */;
			productType = "com.apple.product-type.application";
		};
/* End PBXNativeTarget section */

/* Begin PBXProject section */
		623ED9772BE40EE300531A7E /* Project object */ = {
			isa = PBXProject;
			attributes = {
				BuildIndependentTargetsInParallel = 1;
				LastSwiftUpdateCheck = 1520;
				LastUpgradeCheck = 1520;
				TargetAttributes = {
					623ED97E2BE40EE300531A7E = {
						CreatedOnToolsVersion = 15.2;
					};
				};
			};
			buildConfigurationList = 623ED97A2BE40EE300531A7E /* Build configuration list for PBXProject "VideoCallApp" */;
			compatibilityVersion = "Xcode 14.0";
			developmentRegion = en;
			hasScannedForEncodings = 0;
			knownRegions = (
				en,
				Base,
			);
			mainGroup = 623ED9762BE40EE300531A7E;
			packageReferences = (
				6245A6372BE64F72004F200E /* XCRemoteSwiftPackageReference "VideoUIKit-iOS" */,
			);
			productRefGroup = 623ED9802BE40EE300531A7E /* Products */;
			projectDirPath = "";
			projectRoot = "";
			targets = (
				623ED97E2BE40EE300531A7E /* VideoCallApp */,
			);
		};
/* End PBXProject section */

/* Begin PBXResourcesBuildPhase section */
		623ED97D2BE40EE300531A7E /* Resources */ = {
			isa = PBXResourcesBuildPhase;
			buildActionMask = 2147483647;
			files = (
				623ED98F2BE40EE400531A7E /* LaunchScreen.storyboard in Resources */,
				623ED98C2BE40EE400531A7E /* Assets.xcassets in Resources */,
				623ED98A2BE40EE300531A7E /* Main.storyboard in Resources */,
			);
			runOnlyForDeploymentPostprocessing = 0;
		};
/* End PBXResourcesBuildPhase section */

/* Begin PBXSourcesBuildPhase section */
		623ED97B2BE40EE300531A7E /* Sources */ = {
			isa = PBXSourcesBuildPhase;
			buildActionMask = 2147483647;
			files = (
				623ED9832BE40EE300531A7E /* AppDelegate.swift in Sources */,
				623ED9AA2BE42CF800531A7E /* LoginVC.swift in Sources */,
				6245A64B2BE7C2ED004F200E /* TokenResponse.swift in Sources */,
				62BDD76D2BE5B3AF000CEE16 /* AppLocalStorage.swift in Sources */,
				623ED9AE2BE43A8300531A7E /* UIView+Extensions.swift in Sources */,
				6245A64D2BE7C379004F200E /* TokenRequest.swift in Sources */,
				6245A6352BE641BB004F200E /* VideoCallVC.swift in Sources */,
				6245A6462BE7C0F4004F200E /* Config.swift in Sources */,
				623ED9B12BE43AEB00531A7E /* RoundedCornersView.swift in Sources */,
				623ED9852BE40EE300531A7E /* SceneDelegate.swift in Sources */,
				62BDD7652BE4668A000CEE16 /* LoginViewModel.swift in Sources */,
				6245A6482BE7C13B004F200E /* NetworkMonitor.swift in Sources */,
				6245A6402BE74B98004F200E /* APIRequest.swift in Sources */,
				62BDD7712BE5C0A9000CEE16 /* Constants.swift in Sources */,
				6245A6442BE7C0B1004F200E /* APIError.swift in Sources */,
				6245A64F2BE7C3FD004F200E /* TokenService.swift in Sources */,
			);
			runOnlyForDeploymentPostprocessing = 0;
		};
/* End PBXSourcesBuildPhase section */

/* Begin PBXVariantGroup section */
		623ED9882BE40EE300531A7E /* Main.storyboard */ = {
			isa = PBXVariantGroup;
			children = (
				623ED9892BE40EE300531A7E /* Base */,
			);
			name = Main.storyboard;
			sourceTree = "<group>";
		};
		623ED98D2BE40EE400531A7E /* LaunchScreen.storyboard */ = {
			isa = PBXVariantGroup;
			children = (
				623ED98E2BE40EE400531A7E /* Base */,
			);
			name = LaunchScreen.storyboard;
			sourceTree = "<group>";
		};
/* End PBXVariantGroup section */

/* Begin XCBuildConfiguration section */
		623ED9912BE40EE400531A7E /* Debug */ = {
			isa = XCBuildConfiguration;
			buildSettings = {
				ALWAYS_SEARCH_USER_PATHS = NO;
				ASSETCATALOG_COMPILER_GENERATE_SWIFT_ASSET_SYMBOL_EXTENSIONS = YES;
				CLANG_ANALYZER_NONNULL = YES;
				CLANG_ANALYZER_NUMBER_OBJECT_CONVERSION = YES_AGGRESSIVE;
				CLANG_CXX_LANGUAGE_STANDARD = "gnu++20";
				CLANG_ENABLE_MODULES = YES;
				CLANG_ENABLE_OBJC_ARC = YES;
				CLANG_ENABLE_OBJC_WEAK = YES;
				CLANG_WARN_BLOCK_CAPTURE_AUTORELEASING = YES;
				CLANG_WARN_BOOL_CONVERSION = YES;
				CLANG_WARN_COMMA = YES;
				CLANG_WARN_CONSTANT_CONVERSION = YES;
				CLANG_WARN_DEPRECATED_OBJC_IMPLEMENTATIONS = YES;
				CLANG_WARN_DIRECT_OBJC_ISA_USAGE = YES_ERROR;
				CLANG_WARN_DOCUMENTATION_COMMENTS = YES;
				CLANG_WARN_EMPTY_BODY = YES;
				CLANG_WARN_ENUM_CONVERSION = YES;
				CLANG_WARN_INFINITE_RECURSION = YES;
				CLANG_WARN_INT_CONVERSION = YES;
				CLANG_WARN_NON_LITERAL_NULL_CONVERSION = YES;
				CLANG_WARN_OBJC_IMPLICIT_RETAIN_SELF = YES;
				CLANG_WARN_OBJC_LITERAL_CONVERSION = YES;
				CLANG_WARN_OBJC_ROOT_CLASS = YES_ERROR;
				CLANG_WARN_QUOTED_INCLUDE_IN_FRAMEWORK_HEADER = YES;
				CLANG_WARN_RANGE_LOOP_ANALYSIS = YES;
				CLANG_WARN_STRICT_PROTOTYPES = YES;
				CLANG_WARN_SUSPICIOUS_MOVE = YES;
				CLANG_WARN_UNGUARDED_AVAILABILITY = YES_AGGRESSIVE;
				CLANG_WARN_UNREACHABLE_CODE = YES;
				CLANG_WARN__DUPLICATE_METHOD_MATCH = YES;
				COPY_PHASE_STRIP = NO;
				DEBUG_INFORMATION_FORMAT = dwarf;
				ENABLE_STRICT_OBJC_MSGSEND = YES;
				ENABLE_TESTABILITY = YES;
				ENABLE_USER_SCRIPT_SANDBOXING = YES;
				GCC_C_LANGUAGE_STANDARD = gnu17;
				GCC_DYNAMIC_NO_PIC = NO;
				GCC_NO_COMMON_BLOCKS = YES;
				GCC_OPTIMIZATION_LEVEL = 0;
				GCC_PREPROCESSOR_DEFINITIONS = (
					"DEBUG=1",
					"$(inherited)",
				);
				GCC_WARN_64_TO_32_BIT_CONVERSION = YES;
				GCC_WARN_ABOUT_RETURN_TYPE = YES_ERROR;
				GCC_WARN_UNDECLARED_SELECTOR = YES;
				GCC_WARN_UNINITIALIZED_AUTOS = YES_AGGRESSIVE;
				GCC_WARN_UNUSED_FUNCTION = YES;
				GCC_WARN_UNUSED_VARIABLE = YES;
				IPHONEOS_DEPLOYMENT_TARGET = 17.2;
				LOCALIZATION_PREFERS_STRING_CATALOGS = YES;
				MTL_ENABLE_DEBUG_INFO = INCLUDE_SOURCE;
				MTL_FAST_MATH = YES;
				ONLY_ACTIVE_ARCH = YES;
				SDKROOT = iphoneos;
				SWIFT_ACTIVE_COMPILATION_CONDITIONS = "DEBUG $(inherited)";
				SWIFT_OPTIMIZATION_LEVEL = "-Onone";
			};
			name = Debug;
		};
		623ED9922BE40EE400531A7E /* Release */ = {
			isa = XCBuildConfiguration;
			buildSettings = {
				ALWAYS_SEARCH_USER_PATHS = NO;
				ASSETCATALOG_COMPILER_GENERATE_SWIFT_ASSET_SYMBOL_EXTENSIONS = YES;
				CLANG_ANALYZER_NONNULL = YES;
				CLANG_ANALYZER_NUMBER_OBJECT_CONVERSION = YES_AGGRESSIVE;
				CLANG_CXX_LANGUAGE_STANDARD = "gnu++20";
				CLANG_ENABLE_MODULES = YES;
				CLANG_ENABLE_OBJC_ARC = YES;
				CLANG_ENABLE_OBJC_WEAK = YES;
				CLANG_WARN_BLOCK_CAPTURE_AUTORELEASING = YES;
				CLANG_WARN_BOOL_CONVERSION = YES;
				CLANG_WARN_COMMA = YES;
				CLANG_WARN_CONSTANT_CONVERSION = YES;
				CLANG_WARN_DEPRECATED_OBJC_IMPLEMENTATIONS = YES;
				CLANG_WARN_DIRECT_OBJC_ISA_USAGE = YES_ERROR;
				CLANG_WARN_DOCUMENTATION_COMMENTS = YES;
				CLANG_WARN_EMPTY_BODY = YES;
				CLANG_WARN_ENUM_CONVERSION = YES;
				CLANG_WARN_INFINITE_RECURSION = YES;
				CLANG_WARN_INT_CONVERSION = YES;
				CLANG_WARN_NON_LITERAL_NULL_CONVERSION = YES;
				CLANG_WARN_OBJC_IMPLICIT_RETAIN_SELF = YES;
				CLANG_WARN_OBJC_LITERAL_CONVERSION = YES;
				CLANG_WARN_OBJC_ROOT_CLASS = YES_ERROR;
				CLANG_WARN_QUOTED_INCLUDE_IN_FRAMEWORK_HEADER = YES;
				CLANG_WARN_RANGE_LOOP_ANALYSIS = YES;
				CLANG_WARN_STRICT_PROTOTYPES = YES;
				CLANG_WARN_SUSPICIOUS_MOVE = YES;
				CLANG_WARN_UNGUARDED_AVAILABILITY = YES_AGGRESSIVE;
				CLANG_WARN_UNREACHABLE_CODE = YES;
				CLANG_WARN__DUPLICATE_METHOD_MATCH = YES;
				COPY_PHASE_STRIP = NO;
				DEBUG_INFORMATION_FORMAT = "dwarf-with-dsym";
				ENABLE_NS_ASSERTIONS = NO;
				ENABLE_STRICT_OBJC_MSGSEND = YES;
				ENABLE_USER_SCRIPT_SANDBOXING = YES;
				GCC_C_LANGUAGE_STANDARD = gnu17;
				GCC_NO_COMMON_BLOCKS = YES;
				GCC_WARN_64_TO_32_BIT_CONVERSION = YES;
				GCC_WARN_ABOUT_RETURN_TYPE = YES_ERROR;
				GCC_WARN_UNDECLARED_SELECTOR = YES;
				GCC_WARN_UNINITIALIZED_AUTOS = YES_AGGRESSIVE;
				GCC_WARN_UNUSED_FUNCTION = YES;
				GCC_WARN_UNUSED_VARIABLE = YES;
				IPHONEOS_DEPLOYMENT_TARGET = 17.2;
				LOCALIZATION_PREFERS_STRING_CATALOGS = YES;
				MTL_ENABLE_DEBUG_INFO = NO;
				MTL_FAST_MATH = YES;
				SDKROOT = iphoneos;
				SWIFT_COMPILATION_MODE = wholemodule;
				VALIDATE_PRODUCT = YES;
			};
			name = Release;
		};
		623ED9942BE40EE400531A7E /* Debug */ = {
			isa = XCBuildConfiguration;
			buildSettings = {
				ASSETCATALOG_COMPILER_APPICON_NAME = AppIcon;
				ASSETCATALOG_COMPILER_GLOBAL_ACCENT_COLOR_NAME = AccentColor;
				CODE_SIGN_STYLE = Automatic;
				CURRENT_PROJECT_VERSION = 1;
				DEVELOPMENT_TEAM = 8945457R7S;
				GENERATE_INFOPLIST_FILE = YES;
				INFOPLIST_FILE = VideoCallApp/Info.plist;
				INFOPLIST_KEY_NSCameraUsageDescription = "So the audience and other broadcasters can see you";
				INFOPLIST_KEY_NSMicrophoneUsageDescription = "So the audience and other broadcasters can hear you";
				INFOPLIST_KEY_UIApplicationSupportsIndirectInputEvents = YES;
				INFOPLIST_KEY_UILaunchStoryboardName = LaunchScreen;
				INFOPLIST_KEY_UIMainStoryboardFile = Main;
				INFOPLIST_KEY_UISupportedInterfaceOrientations_iPad = "UIInterfaceOrientationPortrait UIInterfaceOrientationPortraitUpsideDown UIInterfaceOrientationLandscapeLeft UIInterfaceOrientationLandscapeRight";
				INFOPLIST_KEY_UISupportedInterfaceOrientations_iPhone = "UIInterfaceOrientationPortrait UIInterfaceOrientationLandscapeLeft UIInterfaceOrientationLandscapeRight";
				LD_RUNPATH_SEARCH_PATHS = (
					"$(inherited)",
					"@executable_path/Frameworks",
				);
				MARKETING_VERSION = 1.0;
				PRODUCT_BUNDLE_IDENTIFIER = com.carpal.mobile.VideoCallApp;
				PRODUCT_NAME = "$(TARGET_NAME)";
				SWIFT_EMIT_LOC_STRINGS = YES;
				SWIFT_VERSION = 5.0;
				TARGETED_DEVICE_FAMILY = "1,2";
			};
			name = Debug;
		};
		623ED9952BE40EE400531A7E /* Release */ = {
			isa = XCBuildConfiguration;
			buildSettings = {
				ASSETCATALOG_COMPILER_APPICON_NAME = AppIcon;
				ASSETCATALOG_COMPILER_GLOBAL_ACCENT_COLOR_NAME = AccentColor;
				CODE_SIGN_STYLE = Automatic;
				CURRENT_PROJECT_VERSION = 1;
				DEVELOPMENT_TEAM = 8945457R7S;
				GENERATE_INFOPLIST_FILE = YES;
				INFOPLIST_FILE = VideoCallApp/Info.plist;
				INFOPLIST_KEY_NSCameraUsageDescription = "So the audience and other broadcasters can see you";
				INFOPLIST_KEY_NSMicrophoneUsageDescription = "So the audience and other broadcasters can hear you";
				INFOPLIST_KEY_UIApplicationSupportsIndirectInputEvents = YES;
				INFOPLIST_KEY_UILaunchStoryboardName = LaunchScreen;
				INFOPLIST_KEY_UIMainStoryboardFile = Main;
				INFOPLIST_KEY_UISupportedInterfaceOrientations_iPad = "UIInterfaceOrientationPortrait UIInterfaceOrientationPortraitUpsideDown UIInterfaceOrientationLandscapeLeft UIInterfaceOrientationLandscapeRight";
				INFOPLIST_KEY_UISupportedInterfaceOrientations_iPhone = "UIInterfaceOrientationPortrait UIInterfaceOrientationLandscapeLeft UIInterfaceOrientationLandscapeRight";
				LD_RUNPATH_SEARCH_PATHS = (
					"$(inherited)",
					"@executable_path/Frameworks",
				);
				MARKETING_VERSION = 1.0;
				PRODUCT_BUNDLE_IDENTIFIER = com.carpal.mobile.VideoCallApp;
				PRODUCT_NAME = "$(TARGET_NAME)";
				SWIFT_EMIT_LOC_STRINGS = YES;
				SWIFT_VERSION = 5.0;
				TARGETED_DEVICE_FAMILY = "1,2";
			};
			name = Release;
		};
/* End XCBuildConfiguration section */

/* Begin XCConfigurationList section */
		623ED97A2BE40EE300531A7E /* Build configuration list for PBXProject "VideoCallApp" */ = {
			isa = XCConfigurationList;
			buildConfigurations = (
				623ED9912BE40EE400531A7E /* Debug */,
				623ED9922BE40EE400531A7E /* Release */,
			);
			defaultConfigurationIsVisible = 0;
			defaultConfigurationName = Release;
		};
		623ED9932BE40EE400531A7E /* Build configuration list for PBXNativeTarget "VideoCallApp" */ = {
			isa = XCConfigurationList;
			buildConfigurations = (
				623ED9942BE40EE400531A7E /* Debug */,
				623ED9952BE40EE400531A7E /* Release */,
			);
			defaultConfigurationIsVisible = 0;
			defaultConfigurationName = Release;
		};
/* End XCConfigurationList section */

/* Begin XCRemoteSwiftPackageReference section */
		6245A6372BE64F72004F200E /* XCRemoteSwiftPackageReference "VideoUIKit-iOS" */ = {
			isa = XCRemoteSwiftPackageReference;
			repositoryURL = "https://github.com/AgoraIO-Community/VideoUIKit-iOS.git";
			requirement = {
				kind = upToNextMajorVersion;
				minimumVersion = 4.1.1;
			};
		};
/* End XCRemoteSwiftPackageReference section */

/* Begin XCSwiftPackageProductDependency section */
		6245A6382BE64F72004F200E /* AgoraAppGroupDataHelper */ = {
			isa = XCSwiftPackageProductDependency;
			package = 6245A6372BE64F72004F200E /* XCRemoteSwiftPackageReference "VideoUIKit-iOS" */;
			productName = AgoraAppGroupDataHelper;
		};
		6245A63A2BE64F72004F200E /* AgoraBroadcastExtensionHelper */ = {
			isa = XCSwiftPackageProductDependency;
			package = 6245A6372BE64F72004F200E /* XCRemoteSwiftPackageReference "VideoUIKit-iOS" */;
			productName = AgoraBroadcastExtensionHelper;
		};
		6245A63C2BE64F72004F200E /* AgoraUIKit */ = {
			isa = XCSwiftPackageProductDependency;
			package = 6245A6372BE64F72004F200E /* XCRemoteSwiftPackageReference "VideoUIKit-iOS" */;
			productName = AgoraUIKit;
		};
/* End XCSwiftPackageProductDependency section */
	};
	rootObject = 623ED9772BE40EE300531A7E /* Project object */;
}
